
Microsoft Visual Studio Solution File, Format Version 12.00
# Visual Studio Version 16
VisualStudioVersion = 16.0.31727.386
MinimumVisualStudioVersion = 10.0.40219.1
Project("{FAE04EC0-301F-11D3-BF4B-00C04F79EFBC}") = "SmartBikeApp.Android", "SmartBikeApp\SmartBikeApp.Android\SmartBikeApp.Android.csproj", "{5B290BCF-4582-4A7D-AEFB-C64B003E5DB7}"
EndProject
Project("{FAE04EC0-301F-11D3-BF4B-00C04F79EFBC}") = "SmartBikeApp.iOS", "SmartBikeApp\SmartBikeApp.iOS\SmartBikeApp.iOS.csproj", "{49B514F1-604C-4451-9DD9-6CDABE489CD7}"
EndProject
Project("{FAE04EC0-301F-11D3-BF4B-00C04F79EFBC}") = "SmartBikeApp", "SmartBikeApp\SmartBikeApp\SmartBikeApp.csproj", "{D3A131B9-9734-4C91-B7D6-F04A53A0F1D1}"
EndProject
Global
	GlobalSection(SolutionConfigurationPlatforms) = preSolution
		Debug|Any CPU = Debug|Any CPU
		Debug|iPhone = Debug|iPhone
		Debug|iPhoneSimulator = Debug|iPhoneSimulator
		Release|Any CPU = Release|Any CPU
		Release|iPhone = Release|iPhone
		Release|iPhoneSimulator = Release|iPhoneSimulator
	EndGlobalSection
	GlobalSection(ProjectConfigurationPlatforms) = postSolution
		{5B290BCF-4582-4A7D-AEFB-C64B003E5DB7}.Debug|Any CPU.ActiveCfg = Debug|Any CPU
		{5B290BCF-4582-4A7D-AEFB-C64B003E5DB7}.Debug|Any CPU.Build.0 = Debug|Any CPU
		{5B290BCF-4582-4A7D-AEFB-C64B003E5DB7}.Debug|Any CPU.Deploy.0 = Debug|Any CPU
		{5B290BCF-4582-4A7D-AEFB-C64B003E5DB7}.Debug|iPhone.ActiveCfg = Debug|Any CPU
		{5B290BCF-4582-4A7D-AEFB-C64B003E5DB7}.Debug|iPhone.Build.0 = Debug|Any CPU
		{5B290BCF-4582-4A7D-AEFB-C64B003E5DB7}.Debug|iPhone.Deploy.0 = Debug|Any CPU
		{5B290BCF-4582-4A7D-AEFB-C64B003E5DB7}.Debug|iPhoneSimulator.ActiveCfg = Debug|Any CPU
		{5B290BCF-4582-4A7D-AEFB-C64B003E5DB7}.Debug|iPhoneSimulator.Build.0 = Debug|Any CPU
		{5B290BCF-4582-4A7D-AEFB-C64B003E5DB7}.Debug|iPhoneSimulator.Deploy.0 = Debug|Any CPU
		{5B290BCF-4582-4A7D-AEFB-C64B003E5DB7}.Release|Any CPU.ActiveCfg = Release|Any CPU
		{5B290BCF-4582-4A7D-AEFB-C64B003E5DB7}.Release|Any CPU.Build.0 = Release|Any CPU
		{5B290BCF-4582-4A7D-AEFB-C64B003E5DB7}.Release|Any CPU.Deploy.0 = Release|Any CPU
		{5B290BCF-4582-4A7D-AEFB-C64B003E5DB7}.Release|iPhone.ActiveCfg = Release|Any CPU
		{5B290BCF-4582-4A7D-AEFB-C64B003E5DB7}.Release|iPhone.Build.0 = Release|Any CPU
		{5B290BCF-4582-4A7D-AEFB-C64B003E5DB7}.Release|iPhone.Deploy.0 = Release|Any CPU
		{5B290BCF-4582-4A7D-AEFB-C64B003E5DB7}.Release|iPhoneSimulator.ActiveCfg = Release|Any CPU
		{5B290BCF-4582-4A7D-AEFB-C64B003E5DB7}.Release|iPhoneSimulator.Build.0 = Release|Any CPU
		{5B290BCF-4582-4A7D-AEFB-C64B003E5DB7}.Release|iPhoneSimulator.Deploy.0 = Release|Any CPU
		{49B514F1-604C-4451-9DD9-6CDABE489CD7}.Debug|Any CPU.ActiveCfg = Debug|iPhone
		{49B514F1-604C-4451-9DD9-6CDABE489CD7}.Debug|Any CPU.Build.0 = Debug|iPhone
		{49B514F1-604C-4451-9DD9-6CDABE489CD7}.Debug|Any CPU.Deploy.0 = Debug|iPhone
		{49B514F1-604C-4451-9DD9-6CDABE489CD7}.Debug|iPhone.ActiveCfg = Debug|iPhone
		{49B514F1-604C-4451-9DD9-6CDABE489CD7}.Debug|iPhone.Build.0 = Debug|iPhone
		{49B514F1-604C-4451-9DD9-6CDABE489CD7}.Debug|iPhone.Deploy.0 = Debug|iPhone
		{49B514F1-604C-4451-9DD9-6CDABE489CD7}.Debug|iPhoneSimulator.ActiveCfg = Debug|iPhoneSimulator
		{49B514F1-604C-4451-9DD9-6CDABE489CD7}.Debug|iPhoneSimulator.Build.0 = Debug|iPhoneSimulator
		{49B514F1-604C-4451-9DD9-6CDABE489CD7}.Debug|iPhoneSimulator.Deploy.0 = Debug|iPhoneSimulator
		{49B514F1-604C-4451-9DD9-6CDABE489CD7}.Release|Any CPU.ActiveCfg = Release|iPhoneSimulator
		{49B514F1-604C-4451-9DD9-6CDABE489CD7}.Release|Any CPU.Build.0 = Release|iPhoneSimulator
		{49B514F1-604C-4451-9DD9-6CDABE489CD7}.Release|Any CPU.Deploy.0 = Release|iPhoneSimulator
		{49B514F1-604C-4451-9DD9-6CDABE489CD7}.Release|iPhone.ActiveCfg = Release|iPhone
		{49B514F1-604C-4451-9DD9-6CDABE489CD7}.Release|iPhone.Build.0 = Release|iPhone
		{49B514F1-604C-4451-9DD9-6CDABE489CD7}.Release|iPhone.Deploy.0 = Release|iPhone
		{49B514F1-604C-4451-9DD9-6CDABE489CD7}.Release|iPhoneSimulator.ActiveCfg = Release|iPhoneSimulator
		{49B514F1-604C-4451-9DD9-6CDABE489CD7}.Release|iPhoneSimulator.Build.0 = Release|iPhoneSimulator
		{49B514F1-604C-4451-9DD9-6CDABE489CD7}.Release|iPhoneSimulator.Deploy.0 = Release|iPhoneSimulator
		{D3A131B9-9734-4C91-B7D6-F04A53A0F1D1}.Debug|Any CPU.ActiveCfg = Debug|Any CPU
		{D3A131B9-9734-4C91-B7D6-F04A53A0F1D1}.Debug|Any CPU.Build.0 = Debug|Any CPU
		{D3A131B9-9734-4C91-B7D6-F04A53A0F1D1}.Debug|Any CPU.Deploy.0 = Debug|Any CPU
		{D3A131B9-9734-4C91-B7D6-F04A53A0F1D1}.Debug|iPhone.ActiveCfg = Debug|Any CPU
		{D3A131B9-9734-4C91-B7D6-F04A53A0F1D1}.Debug|iPhone.Build.0 = Debug|Any CPU
		{D3A131B9-9734-4C91-B7D6-F04A53A0F1D1}.Debug|iPhone.Deploy.0 = Debug|Any CPU
		{D3A131B9-9734-4C91-B7D6-F04A53A0F1D1}.Debug|iPhoneSimulator.ActiveCfg = Debug|Any CPU
		{D3A131B9-9734-4C91-B7D6-F04A53A0F1D1}.Debug|iPhoneSimulator.Build.0 = Debug|Any CPU
		{D3A131B9-9734-4C91-B7D6-F04A53A0F1D1}.Debug|iPhoneSimulator.Deploy.0 = Debug|Any CPU
		{D3A131B9-9734-4C91-B7D6-F04A53A0F1D1}.Release|Any CPU.ActiveCfg = Release|Any CPU
		{D3A131B9-9734-4C91-B7D6-F04A53A0F1D1}.Release|Any CPU.Build.0 = Release|Any CPU
		{D3A131B9-9734-4C91-B7D6-F04A53A0F1D1}.Release|Any CPU.Deploy.0 = Release|Any CPU
		{D3A131B9-9734-4C91-B7D6-F04A53A0F1D1}.Release|iPhone.ActiveCfg = Release|Any CPU
		{D3A131B9-9734-4C91-B7D6-F04A53A0F1D1}.Release|iPhone.Build.0 = Release|Any CPU
		{D3A131B9-9734-4C91-B7D6-F04A53A0F1D1}.Release|iPhone.Deploy.0 = Release|Any CPU
		{D3A131B9-9734-4C91-B7D6-F04A53A0F1D1}.Release|iPhoneSimulator.ActiveCfg = Release|Any CPU
		{D3A131B9-9734-4C91-B7D6-F04A53A0F1D1}.Release|iPhoneSimulator.Build.0 = Release|Any CPU
		{D3A131B9-9734-4C91-B7D6-F04A53A0F1D1}.Release|iPhoneSimulator.Deploy.0 = Release|Any CPU
	EndGlobalSection
	GlobalSection(SolutionProperties) = preSolution
		HideSolutionNode = FALSE
	EndGlobalSection
	GlobalSection(ExtensibilityGlobals) = postSolution
		SolutionGuid = {1E5801B3-7089-4008-B262-074F6C26F2A5}
	EndGlobalSection
EndGlobal
